
Microsoft Visual Studio Solution File, Format Version 12.00
# Visual Studio Version 17
VisualStudioVersion = 17.7.34009.444
MinimumVisualStudioVersion = 10.0.40219.1
Project("{FAE04EC0-301F-11D3-BF4B-00C04F79EFBC}") = "foodsale-api", "foodsale-api\foodsale-api.csproj", "{F1FB8904-0177-4A29-AD0D-C7B337483503}"
EndProject
Global
	GlobalSection(SolutionConfigurationPlatforms) = preSolution
		Debug|Any CPU = Debug|Any CPU
		Release|Any CPU = Release|Any CPU
	EndGlobalSection
	GlobalSection(ProjectConfigurationPlatforms) = postSolution
		{F1FB8904-0177-4A29-AD0D-C7B337483503}.Debug|Any CPU.ActiveCfg = Debug|Any CPU
		{F1FB8904-0177-4A29-AD0D-C7B337483503}.Debug|Any CPU.Build.0 = Debug|Any CPU
		{F1FB8904-0177-4A29-AD0D-C7B337483503}.Release|Any CPU.ActiveCfg = Release|Any CPU
		{F1FB8904-0177-4A29-AD0D-C7B337483503}.Release|Any CPU.Build.0 = Release|Any CPU
	EndGlobalSection
	GlobalSection(SolutionProperties) = preSolution
		HideSolutionNode = FALSE
	EndGlobalSection
	GlobalSection(ExtensibilityGlobals) = postSolution
		SolutionGuid = {C4DFD964-BB12-438F-BDBF-3A16FC5BF582}
	EndGlobalSection
EndGlobal
